
Microsoft Visual Studio Solution File, Format Version 12.00
# Visual Studio Version 16
VisualStudioVersion = 16.0.33801.447
MinimumVisualStudioVersion = 10.0.40219.1
Project("{FAE04EC0-301F-11D3-BF4B-00C04F79EFBC}") = "DailyReport", "DailyReport\DailyReport.csproj", "{53FF6093-A4EE-4D1B-98E7-44B4B49C1591}"
EndProject
Global
	GlobalSection(SolutionConfigurationPlatforms) = preSolution
		Debug|Any CPU = Debug|Any CPU
		Release|Any CPU = Release|Any CPU
	EndGlobalSection
	GlobalSection(ProjectConfigurationPlatforms) = postSolution
		{53FF6093-A4EE-4D1B-98E7-44B4B49C1591}.Debug|Any CPU.ActiveCfg = Debug|Any CPU
		{53FF6093-A4EE-4D1B-98E7-44B4B49C1591}.Debug|Any CPU.Build.0 = Debug|Any CPU
		{53FF6093-A4EE-4D1B-98E7-44B4B49C1591}.Release|Any CPU.ActiveCfg = Release|Any CPU
		{53FF6093-A4EE-4D1B-98E7-44B4B49C1591}.Release|Any CPU.Build.0 = Release|Any CPU
	EndGlobalSection
	GlobalSection(SolutionProperties) = preSolution
		HideSolutionNode = FALSE
	EndGlobalSection
	GlobalSection(ExtensibilityGlobals) = postSolution
		SolutionGuid = {A6669C4C-E42C-4356-A53F-A44B767D7B0F}
	EndGlobalSection
EndGlobal
